
Microsoft Visual Studio Solution File, Format Version 12.00
# Visual Studio 15
VisualStudioVersion = 15.0.27130.2026
MinimumVisualStudioVersion = 10.0.40219.1
Project("{9A19103F-16F7-4668-BE54-9A1E7A4F7556}") = "ProductService", "ProductService\ProductService.csproj", "{283800E2-ED71-4E60-9ACB-B513C289974F}"
EndProject
Project("{9A19103F-16F7-4668-BE54-9A1E7A4F7556}") = "consumer", "consumer\consumer.csproj", "{22F2A487-A306-441B-9118-954E2470AE4F}"
EndProject
Project("{9A19103F-16F7-4668-BE54-9A1E7A4F7556}") = "MessageService", "MessageService\MessageService.csproj", "{BF23BE70-0019-40B3-BB2A-AAE8327B2D21}"
EndProject
Project("{FAE04EC0-301F-11D3-BF4B-00C04F79EFBC}") = "PollyConsole", "PollyConsole\PollyConsole.csproj", "{835348FB-0C35-4D6C-8473-4CE005891E8C}"
EndProject
Global
	GlobalSection(SolutionConfigurationPlatforms) = preSolution
		Debug|Any CPU = Debug|Any CPU
		Release|Any CPU = Release|Any CPU
	EndGlobalSection
	GlobalSection(ProjectConfigurationPlatforms) = postSolution
		{283800E2-ED71-4E60-9ACB-B513C289974F}.Debug|Any CPU.ActiveCfg = Debug|Any CPU
		{283800E2-ED71-4E60-9ACB-B513C289974F}.Debug|Any CPU.Build.0 = Debug|Any CPU
		{283800E2-ED71-4E60-9ACB-B513C289974F}.Release|Any CPU.ActiveCfg = Release|Any CPU
		{283800E2-ED71-4E60-9ACB-B513C289974F}.Release|Any CPU.Build.0 = Release|Any CPU
		{22F2A487-A306-441B-9118-954E2470AE4F}.Debug|Any CPU.ActiveCfg = Debug|Any CPU
		{22F2A487-A306-441B-9118-954E2470AE4F}.Debug|Any CPU.Build.0 = Debug|Any CPU
		{22F2A487-A306-441B-9118-954E2470AE4F}.Release|Any CPU.ActiveCfg = Release|Any CPU
		{22F2A487-A306-441B-9118-954E2470AE4F}.Release|Any CPU.Build.0 = Release|Any CPU
		{BF23BE70-0019-40B3-BB2A-AAE8327B2D21}.Debug|Any CPU.ActiveCfg = Debug|Any CPU
		{BF23BE70-0019-40B3-BB2A-AAE8327B2D21}.Debug|Any CPU.Build.0 = Debug|Any CPU
		{BF23BE70-0019-40B3-BB2A-AAE8327B2D21}.Release|Any CPU.ActiveCfg = Release|Any CPU
		{BF23BE70-0019-40B3-BB2A-AAE8327B2D21}.Release|Any CPU.Build.0 = Release|Any CPU
		{835348FB-0C35-4D6C-8473-4CE005891E8C}.Debug|Any CPU.ActiveCfg = Debug|Any CPU
		{835348FB-0C35-4D6C-8473-4CE005891E8C}.Debug|Any CPU.Build.0 = Debug|Any CPU
		{835348FB-0C35-4D6C-8473-4CE005891E8C}.Release|Any CPU.ActiveCfg = Release|Any CPU
		{835348FB-0C35-4D6C-8473-4CE005891E8C}.Release|Any CPU.Build.0 = Release|Any CPU
	EndGlobalSection
	GlobalSection(SolutionProperties) = preSolution
		HideSolutionNode = FALSE
	EndGlobalSection
	GlobalSection(ExtensibilityGlobals) = postSolution
		SolutionGuid = {CF3A048A-C464-4514-AE34-4CBC0B24BA2B}
	EndGlobalSection
EndGlobal
