
Microsoft Visual Studio Solution File, Format Version 12.00
# Visual Studio 15
VisualStudioVersion = 15.0.27130.2026
MinimumVisualStudioVersion = 10.0.40219.1
Project("{9A19103F-16F7-4668-BE54-9A1E7A4F7556}") = "ProductService", "ProductService\ProductService.csproj", "{283800E2-ED71-4E60-9ACB-B513C289974F}"
EndProject
Project("{9A19103F-16F7-4668-BE54-9A1E7A4F7556}") = "consumer", "consumer\consumer.csproj", "{22F2A487-A306-441B-9118-954E2470AE4F}"
EndProject
Project("{9A19103F-16F7-4668-BE54-9A1E7A4F7556}") = "MessageService", "MessageService\MessageService.csproj", "{BF23BE70-0019-40B3-BB2A-AAE8327B2D21}"
EndProject
Project("{9A19103F-16F7-4668-BE54-9A1E7A4F7556}") = "PollyConsole", "PollyConsole\PollyConsole.csproj", "{835348FB-0C35-4D6C-8473-4CE005891E8C}"
EndProject
Project("{9A19103F-16F7-4668-BE54-9A1E7A4F7556}") = "ConsoleAop", "ConsoleAop\ConsoleAop.csproj", "{3ABA4415-F323-46FA-B9B1-EFBD4BE0FA37}"
EndProject
Project("{9A19103F-16F7-4668-BE54-9A1E7A4F7556}") = "MongoTest", "MongoTest\MongoTest.csproj", "{A3E4214E-BC44-4A5F-A305-105B040BF5E4}"
EndProject
Project("{9A19103F-16F7-4668-BE54-9A1E7A4F7556}") = "HystrixTest1", "HystrixTest1\HystrixTest1.csproj", "{5CEDC1A9-C68F-4F36-9BE2-8A4D21D0A18B}"
EndProject
Project("{9A19103F-16F7-4668-BE54-9A1E7A4F7556}") = "OceletWeb", "OceletWeb\OceletWeb.csproj", "{EE466EBF-F5E6-4B0E-9B4B-9B034B80FF05}"
EndProject
Project("{2150E333-8FDC-42A3-9474-1A3956D46DE8}") = "identity", "identity", "{ECE4145D-1D4B-423E-8506-737DFA3144D9}"
EndProject
Project("{9A19103F-16F7-4668-BE54-9A1E7A4F7556}") = "IdentityServer", "IdentityServer\IdentityServer.csproj", "{4E009098-7867-496D-8B12-7F5660C882B8}"
EndProject
Project("{9A19103F-16F7-4668-BE54-9A1E7A4F7556}") = "ID4.Ocelot", "ID4.Ocelot\ID4.Ocelot.csproj", "{7E01FA11-DD80-4079-BBDE-D598E11C33B7}"
EndProject
Project("{FAE04EC0-301F-11D3-BF4B-00C04F79EFBC}") = "Ocelot.Test", "Ocelot.Test\Ocelot.Test.csproj", "{0059E00F-D245-48DF-8CAE-85A83EB81C14}"
EndProject
Project("{2150E333-8FDC-42A3-9474-1A3956D46DE8}") = "Test", "Test", "{646E2554-69DD-4A1C-8E41-C05ABE5A13A8}"
EndProject
Project("{FAE04EC0-301F-11D3-BF4B-00C04F79EFBC}") = "ConsoleApp1", "ConsoleApp1\ConsoleApp1.csproj", "{0767B6DE-4D11-447A-8A8E-FDB4B40E3AED}"
EndProject
Global
	GlobalSection(SolutionConfigurationPlatforms) = preSolution
		Debug|Any CPU = Debug|Any CPU
		Release|Any CPU = Release|Any CPU
	EndGlobalSection
	GlobalSection(ProjectConfigurationPlatforms) = postSolution
		{283800E2-ED71-4E60-9ACB-B513C289974F}.Debug|Any CPU.ActiveCfg = Debug|Any CPU
		{283800E2-ED71-4E60-9ACB-B513C289974F}.Debug|Any CPU.Build.0 = Debug|Any CPU
		{283800E2-ED71-4E60-9ACB-B513C289974F}.Release|Any CPU.ActiveCfg = Release|Any CPU
		{283800E2-ED71-4E60-9ACB-B513C289974F}.Release|Any CPU.Build.0 = Release|Any CPU
		{22F2A487-A306-441B-9118-954E2470AE4F}.Debug|Any CPU.ActiveCfg = Debug|Any CPU
		{22F2A487-A306-441B-9118-954E2470AE4F}.Debug|Any CPU.Build.0 = Debug|Any CPU
		{22F2A487-A306-441B-9118-954E2470AE4F}.Release|Any CPU.ActiveCfg = Release|Any CPU
		{22F2A487-A306-441B-9118-954E2470AE4F}.Release|Any CPU.Build.0 = Release|Any CPU
		{BF23BE70-0019-40B3-BB2A-AAE8327B2D21}.Debug|Any CPU.ActiveCfg = Debug|Any CPU
		{BF23BE70-0019-40B3-BB2A-AAE8327B2D21}.Debug|Any CPU.Build.0 = Debug|Any CPU
		{BF23BE70-0019-40B3-BB2A-AAE8327B2D21}.Release|Any CPU.ActiveCfg = Release|Any CPU
		{BF23BE70-0019-40B3-BB2A-AAE8327B2D21}.Release|Any CPU.Build.0 = Release|Any CPU
		{835348FB-0C35-4D6C-8473-4CE005891E8C}.Debug|Any CPU.ActiveCfg = Debug|Any CPU
		{835348FB-0C35-4D6C-8473-4CE005891E8C}.Debug|Any CPU.Build.0 = Debug|Any CPU
		{835348FB-0C35-4D6C-8473-4CE005891E8C}.Release|Any CPU.ActiveCfg = Release|Any CPU
		{835348FB-0C35-4D6C-8473-4CE005891E8C}.Release|Any CPU.Build.0 = Release|Any CPU
		{3ABA4415-F323-46FA-B9B1-EFBD4BE0FA37}.Debug|Any CPU.ActiveCfg = Debug|Any CPU
		{3ABA4415-F323-46FA-B9B1-EFBD4BE0FA37}.Debug|Any CPU.Build.0 = Debug|Any CPU
		{3ABA4415-F323-46FA-B9B1-EFBD4BE0FA37}.Release|Any CPU.ActiveCfg = Release|Any CPU
		{3ABA4415-F323-46FA-B9B1-EFBD4BE0FA37}.Release|Any CPU.Build.0 = Release|Any CPU
		{A3E4214E-BC44-4A5F-A305-105B040BF5E4}.Debug|Any CPU.ActiveCfg = Debug|Any CPU
		{A3E4214E-BC44-4A5F-A305-105B040BF5E4}.Debug|Any CPU.Build.0 = Debug|Any CPU
		{A3E4214E-BC44-4A5F-A305-105B040BF5E4}.Release|Any CPU.ActiveCfg = Release|Any CPU
		{A3E4214E-BC44-4A5F-A305-105B040BF5E4}.Release|Any CPU.Build.0 = Release|Any CPU
		{5CEDC1A9-C68F-4F36-9BE2-8A4D21D0A18B}.Debug|Any CPU.ActiveCfg = Debug|Any CPU
		{5CEDC1A9-C68F-4F36-9BE2-8A4D21D0A18B}.Debug|Any CPU.Build.0 = Debug|Any CPU
		{5CEDC1A9-C68F-4F36-9BE2-8A4D21D0A18B}.Release|Any CPU.ActiveCfg = Release|Any CPU
		{5CEDC1A9-C68F-4F36-9BE2-8A4D21D0A18B}.Release|Any CPU.Build.0 = Release|Any CPU
		{EE466EBF-F5E6-4B0E-9B4B-9B034B80FF05}.Debug|Any CPU.ActiveCfg = Debug|Any CPU
		{EE466EBF-F5E6-4B0E-9B4B-9B034B80FF05}.Debug|Any CPU.Build.0 = Debug|Any CPU
		{EE466EBF-F5E6-4B0E-9B4B-9B034B80FF05}.Release|Any CPU.ActiveCfg = Release|Any CPU
		{EE466EBF-F5E6-4B0E-9B4B-9B034B80FF05}.Release|Any CPU.Build.0 = Release|Any CPU
		{4E009098-7867-496D-8B12-7F5660C882B8}.Debug|Any CPU.ActiveCfg = Debug|Any CPU
		{4E009098-7867-496D-8B12-7F5660C882B8}.Debug|Any CPU.Build.0 = Debug|Any CPU
		{4E009098-7867-496D-8B12-7F5660C882B8}.Release|Any CPU.ActiveCfg = Release|Any CPU
		{4E009098-7867-496D-8B12-7F5660C882B8}.Release|Any CPU.Build.0 = Release|Any CPU
		{7E01FA11-DD80-4079-BBDE-D598E11C33B7}.Debug|Any CPU.ActiveCfg = Debug|Any CPU
		{7E01FA11-DD80-4079-BBDE-D598E11C33B7}.Debug|Any CPU.Build.0 = Debug|Any CPU
		{7E01FA11-DD80-4079-BBDE-D598E11C33B7}.Release|Any CPU.ActiveCfg = Release|Any CPU
		{7E01FA11-DD80-4079-BBDE-D598E11C33B7}.Release|Any CPU.Build.0 = Release|Any CPU
		{0059E00F-D245-48DF-8CAE-85A83EB81C14}.Debug|Any CPU.ActiveCfg = Debug|Any CPU
		{0059E00F-D245-48DF-8CAE-85A83EB81C14}.Debug|Any CPU.Build.0 = Debug|Any CPU
		{0059E00F-D245-48DF-8CAE-85A83EB81C14}.Release|Any CPU.ActiveCfg = Release|Any CPU
		{0059E00F-D245-48DF-8CAE-85A83EB81C14}.Release|Any CPU.Build.0 = Release|Any CPU
		{0767B6DE-4D11-447A-8A8E-FDB4B40E3AED}.Debug|Any CPU.ActiveCfg = Debug|Any CPU
		{0767B6DE-4D11-447A-8A8E-FDB4B40E3AED}.Debug|Any CPU.Build.0 = Debug|Any CPU
		{0767B6DE-4D11-447A-8A8E-FDB4B40E3AED}.Release|Any CPU.ActiveCfg = Release|Any CPU
		{0767B6DE-4D11-447A-8A8E-FDB4B40E3AED}.Release|Any CPU.Build.0 = Release|Any CPU
	EndGlobalSection
	GlobalSection(SolutionProperties) = preSolution
		HideSolutionNode = FALSE
	EndGlobalSection
	GlobalSection(NestedProjects) = preSolution
		{4E009098-7867-496D-8B12-7F5660C882B8} = {ECE4145D-1D4B-423E-8506-737DFA3144D9}
		{7E01FA11-DD80-4079-BBDE-D598E11C33B7} = {ECE4145D-1D4B-423E-8506-737DFA3144D9}
		{0059E00F-D245-48DF-8CAE-85A83EB81C14} = {ECE4145D-1D4B-423E-8506-737DFA3144D9}
		{0767B6DE-4D11-447A-8A8E-FDB4B40E3AED} = {646E2554-69DD-4A1C-8E41-C05ABE5A13A8}
	EndGlobalSection
	GlobalSection(ExtensibilityGlobals) = postSolution
		SolutionGuid = {CF3A048A-C464-4514-AE34-4CBC0B24BA2B}
	EndGlobalSection
EndGlobal
